// !$*UTF8*$!
{
	archiveVersion = 1;
	classes = {
	};
	objectVersion = 56;
	objects = {

/* Begin PBXBuildFile section */
		03912C362A2CB47C00E57AE2 /* TaskProApp.swift in Sources */ = {isa = PBXBuildFile; fileRef = 03912C352A2CB47C00E57AE2 /* TaskProApp.swift */; };
		03912C382A2CB47C00E57AE2 /* ContentView.swift in Sources */ = {isa = PBXBuildFile; fileRef = 03912C372A2CB47C00E57AE2 /* ContentView.swift */; };
		03912C3A2A2CB47D00E57AE2 /* Assets.xcassets in Resources */ = {isa = PBXBuildFile; fileRef = 03912C392A2CB47D00E57AE2 /* Assets.xcassets */; };
		03912C3D2A2CB47D00E57AE2 /* Preview Assets.xcassets in Resources */ = {isa = PBXBuildFile; fileRef = 03912C3C2A2CB47D00E57AE2 /* Preview Assets.xcassets */; };
		03912C3F2A2CB47D00E57AE2 /* Persistence.swift in Sources */ = {isa = PBXBuildFile; fileRef = 03912C3E2A2CB47D00E57AE2 /* Persistence.swift */; };
		03912C422A2CB47D00E57AE2 /* TaskPro.xcdatamodeld in Sources */ = {isa = PBXBuildFile; fileRef = 03912C402A2CB47D00E57AE2 /* TaskPro.xcdatamodeld */; };
		03912C4A2A2CB5CC00E57AE2 /* Home.swift in Sources */ = {isa = PBXBuildFile; fileRef = 03912C492A2CB5CC00E57AE2 /* Home.swift */; };
		03912C4C2A2CB7C200E57AE2 /* CustomFilteringDataView.swift in Sources */ = {isa = PBXBuildFile; fileRef = 03912C4B2A2CB7C200E57AE2 /* CustomFilteringDataView.swift */; };
		03912C4E2A2CBB5500E57AE2 /* TaskRow.swift in Sources */ = {isa = PBXBuildFile; fileRef = 03912C4D2A2CBB5500E57AE2 /* TaskRow.swift */; };
/* End PBXBuildFile section */

/* Begin PBXFileReference section */
		03912C322A2CB47C00E57AE2 /* TaskPro.app */ = {isa = PBXFileReference; explicitFileType = wrapper.application; includeInIndex = 0; path = TaskPro.app; sourceTree = BUILT_PRODUCTS_DIR; };
		03912C352A2CB47C00E57AE2 /* TaskProApp.swift */ = {isa = PBXFileReference; lastKnownFileType = sourcecode.swift; path = TaskProApp.swift; sourceTree = "<group>"; };
		03912C372A2CB47C00E57AE2 /* ContentView.swift */ = {isa = PBXFileReference; lastKnownFileType = sourcecode.swift; path = ContentView.swift; sourceTree = "<group>"; };
		03912C392A2CB47D00E57AE2 /* Assets.xcassets */ = {isa = PBXFileReference; lastKnownFileType = folder.assetcatalog; path = Assets.xcassets; sourceTree = "<group>"; };
		03912C3C2A2CB47D00E57AE2 /* Preview Assets.xcassets */ = {isa = PBXFileReference; lastKnownFileType = folder.assetcatalog; path = "Preview Assets.xcassets"; sourceTree = "<group>"; };
		03912C3E2A2CB47D00E57AE2 /* Persistence.swift */ = {isa = PBXFileReference; lastKnownFileType = sourcecode.swift; path = Persistence.swift; sourceTree = "<group>"; };
		03912C412A2CB47D00E57AE2 /* TaskPro.xcdatamodel */ = {isa = PBXFileReference; lastKnownFileType = wrapper.xcdatamodel; path = TaskPro.xcdatamodel; sourceTree = "<group>"; };
		03912C492A2CB5CC00E57AE2 /* Home.swift */ = {isa = PBXFileReference; lastKnownFileType = sourcecode.swift; path = Home.swift; sourceTree = "<group>"; };
		03912C4B2A2CB7C200E57AE2 /* CustomFilteringDataView.swift */ = {isa = PBXFileReference; lastKnownFileType = sourcecode.swift; path = CustomFilteringDataView.swift; sourceTree = "<group>"; };
		03912C4D2A2CBB5500E57AE2 /* TaskRow.swift */ = {isa = PBXFileReference; lastKnownFileType = sourcecode.swift; path = TaskRow.swift; sourceTree = "<group>"; };
/* End PBXFileReference section */

/* Begin PBXFrameworksBuildPhase section */
		03912C2F2A2CB47C00E57AE2 /* Frameworks */ = {
			isa = PBXFrameworksBuildPhase;
			buildActionMask = 2147483647;
			files = (
			);
			runOnlyForDeploymentPostprocessing = 0;
		};
/* End PBXFrameworksBuildPhase section */

/* Begin PBXGroup section */
		03912C292A2CB47C00E57AE2 = {
			isa = PBXGroup;
			children = (
				03912C342A2CB47C00E57AE2 /* TaskPro */,
				03912C332A2CB47C00E57AE2 /* Products */,
			);
			sourceTree = "<group>";
		};
		03912C332A2CB47C00E57AE2 /* Products */ = {
			isa = PBXGroup;
			children = (
				03912C322A2CB47C00E57AE2 /* TaskPro.app */,
			);
			name = Products;
			sourceTree = "<group>";
		};
		03912C342A2CB47C00E57AE2 /* TaskPro */ = {
			isa = PBXGroup;
			children = (
				03912C482A2CB5B800E57AE2 /* View */,
				03912C352A2CB47C00E57AE2 /* TaskProApp.swift */,
				03912C372A2CB47C00E57AE2 /* ContentView.swift */,
				03912C3E2A2CB47D00E57AE2 /* Persistence.swift */,
				03912C392A2CB47D00E57AE2 /* Assets.xcassets */,
				03912C402A2CB47D00E57AE2 /* TaskPro.xcdatamodeld */,
				03912C3B2A2CB47D00E57AE2 /* Preview Content */,
			);
			path = TaskPro;
			sourceTree = "<group>";
		};
		03912C3B2A2CB47D00E57AE2 /* Preview Content */ = {
			isa = PBXGroup;
			children = (
				03912C3C2A2CB47D00E57AE2 /* Preview Assets.xcassets */,
			);
			path = "Preview Content";
			sourceTree = "<group>";
		};
		03912C482A2CB5B800E57AE2 /* View */ = {
			isa = PBXGroup;
			children = (
				03912C492A2CB5CC00E57AE2 /* Home.swift */,
				03912C4B2A2CB7C200E57AE2 /* CustomFilteringDataView.swift */,
				03912C4D2A2CBB5500E57AE2 /* TaskRow.swift */,
			);
			path = View;
			sourceTree = "<group>";
		};
/* End PBXGroup section */

/* Begin PBXNativeTarget section */
		03912C312A2CB47C00E57AE2 /* TaskPro */ = {
			isa = PBXNativeTarget;
			buildConfigurationList = 03912C452A2CB47D00E57AE2 /* Build configuration list for PBXNativeTarget "TaskPro" */;
			buildPhases = (
				03912C2E2A2CB47C00E57AE2 /* Sources */,
				03912C2F2A2CB47C00E57AE2 /* Frameworks */,
				03912C302A2CB47C00E57AE2 /* Resources */,
			);
			buildRules = (
			);
			dependencies = (
			);
			name = TaskPro;
			productName = TaskPro;
			productReference = 03912C322A2CB47C00E57AE2 /* TaskPro.app */;
			productType = "com.apple.product-type.application";
		};
/* End PBXNativeTarget section */

/* Begin PBXProject section */
		03912C2A2A2CB47C00E57AE2 /* Project object */ = {
			isa = PBXProject;
			attributes = {
				BuildIndependentTargetsInParallel = 1;
				LastSwiftUpdateCheck = 1430;
				LastUpgradeCheck = 1430;
				TargetAttributes = {
					03912C312A2CB47C00E57AE2 = {
						CreatedOnToolsVersion = 14.3;
					};
				};
			};
			buildConfigurationList = 03912C2D2A2CB47C00E57AE2 /* Build configuration list for PBXProject "TaskPro" */;
			compatibilityVersion = "Xcode 14.0";
			developmentRegion = en;
			hasScannedForEncodings = 0;
			knownRegions = (
				en,
				Base,
			);
			mainGroup = 03912C292A2CB47C00E57AE2;
			productRefGroup = 03912C332A2CB47C00E57AE2 /* Products */;
			projectDirPath = "";
			projectRoot = "";
			targets = (
				03912C312A2CB47C00E57AE2 /* TaskPro */,
			);
		};
/* End PBXProject section */

/* Begin PBXResourcesBuildPhase section */
		03912C302A2CB47C00E57AE2 /* Resources */ = {
			isa = PBXResourcesBuildPhase;
			buildActionMask = 2147483647;
			files = (
				03912C3D2A2CB47D00E57AE2 /* Preview Assets.xcassets in Resources */,
				03912C3A2A2CB47D00E57AE2 /* Assets.xcassets in Resources */,
			);
			runOnlyForDeploymentPostprocessing = 0;
		};
/* End PBXResourcesBuildPhase section */

/* Begin PBXSourcesBuildPhase section */
		03912C2E2A2CB47C00E57AE2 /* Sources */ = {
			isa = PBXSourcesBuildPhase;
			buildActionMask = 2147483647;
			files = (
				03912C422A2CB47D00E57AE2 /* TaskPro.xcdatamodeld in Sources */,
				03912C3F2A2CB47D00E57AE2 /* Persistence.swift in Sources */,
				03912C4A2A2CB5CC00E57AE2 /* Home.swift in Sources */,
				03912C382A2CB47C00E57AE2 /* ContentView.swift in Sources */,
				03912C4C2A2CB7C200E57AE2 /* CustomFilteringDataView.swift in Sources */,
				03912C4E2A2CBB5500E57AE2 /* TaskRow.swift in Sources */,
				03912C362A2CB47C00E57AE2 /* TaskProApp.swift in Sources */,
			);
			runOnlyForDeploymentPostprocessing = 0;
		};
/* End PBXSourcesBuildPhase section */

/* Begin XCBuildConfiguration section */
		03912C432A2CB47D00E57AE2 /* Debug */ = {
			isa = XCBuildConfiguration;
			buildSettings = {
				ALWAYS_SEARCH_USER_PATHS = NO;
				CLANG_ANALYZER_NONNULL = YES;
				CLANG_ANALYZER_NUMBER_OBJECT_CONVERSION = YES_AGGRESSIVE;
				CLANG_CXX_LANGUAGE_STANDARD = "gnu++20";
				CLANG_ENABLE_MODULES = YES;
				CLANG_ENABLE_OBJC_ARC = YES;
				CLANG_ENABLE_OBJC_WEAK = YES;
				CLANG_WARN_BLOCK_CAPTURE_AUTORELEASING = YES;
				CLANG_WARN_BOOL_CONVERSION = YES;
				CLANG_WARN_COMMA = YES;
				CLANG_WARN_CONSTANT_CONVERSION = YES;
				CLANG_WARN_DEPRECATED_OBJC_IMPLEMENTATIONS = YES;
				CLANG_WARN_DIRECT_OBJC_ISA_USAGE = YES_ERROR;
				CLANG_WARN_DOCUMENTATION_COMMENTS = YES;
				CLANG_WARN_EMPTY_BODY = YES;
				CLANG_WARN_ENUM_CONVERSION = YES;
				CLANG_WARN_INFINITE_RECURSION = YES;
				CLANG_WARN_INT_CONVERSION = YES;
				CLANG_WARN_NON_LITERAL_NULL_CONVERSION = YES;
				CLANG_WARN_OBJC_IMPLICIT_RETAIN_SELF = YES;
				CLANG_WARN_OBJC_LITERAL_CONVERSION = YES;
				CLANG_WARN_OBJC_ROOT_CLASS = YES_ERROR;
				CLANG_WARN_QUOTED_INCLUDE_IN_FRAMEWORK_HEADER = YES;
				CLANG_WARN_RANGE_LOOP_ANALYSIS = YES;
				CLANG_WARN_STRICT_PROTOTYPES = YES;
				CLANG_WARN_SUSPICIOUS_MOVE = YES;
				CLANG_WARN_UNGUARDED_AVAILABILITY = YES_AGGRESSIVE;
				CLANG_WARN_UNREACHABLE_CODE = YES;
				CLANG_WARN__DUPLICATE_METHOD_MATCH = YES;
				COPY_PHASE_STRIP = NO;
				DEBUG_INFORMATION_FORMAT = dwarf;
				ENABLE_STRICT_OBJC_MSGSEND = YES;
				ENABLE_TESTABILITY = YES;
				GCC_C_LANGUAGE_STANDARD = gnu11;
				GCC_DYNAMIC_NO_PIC = NO;
				GCC_NO_COMMON_BLOCKS = YES;
				GCC_OPTIMIZATION_LEVEL = 0;
				GCC_PREPROCESSOR_DEFINITIONS = (
					"DEBUG=1",
					"$(inherited)",
				);
				GCC_WARN_64_TO_32_BIT_CONVERSION = YES;
				GCC_WARN_ABOUT_RETURN_TYPE = YES_ERROR;
				GCC_WARN_UNDECLARED_SELECTOR = YES;
				GCC_WARN_UNINITIALIZED_AUTOS = YES_AGGRESSIVE;
				GCC_WARN_UNUSED_FUNCTION = YES;
				GCC_WARN_UNUSED_VARIABLE = YES;
				IPHONEOS_DEPLOYMENT_TARGET = 16.4;
				MTL_ENABLE_DEBUG_INFO = INCLUDE_SOURCE;
				MTL_FAST_MATH = YES;
				ONLY_ACTIVE_ARCH = YES;
				SDKROOT = iphoneos;
				SWIFT_ACTIVE_COMPILATION_CONDITIONS = DEBUG;
				SWIFT_OPTIMIZATION_LEVEL = "-Onone";
			};
			name = Debug;
		};
		03912C442A2CB47D00E57AE2 /* Release */ = {
			isa = XCBuildConfiguration;
			buildSettings = {
				ALWAYS_SEARCH_USER_PATHS = NO;
				CLANG_ANALYZER_NONNULL = YES;
				CLANG_ANALYZER_NUMBER_OBJECT_CONVERSION = YES_AGGRESSIVE;
				CLANG_CXX_LANGUAGE_STANDARD = "gnu++20";
				CLANG_ENABLE_MODULES = YES;
				CLANG_ENABLE_OBJC_ARC = YES;
				CLANG_ENABLE_OBJC_WEAK = YES;
				CLANG_WARN_BLOCK_CAPTURE_AUTORELEASING = YES;
				CLANG_WARN_BOOL_CONVERSION = YES;
				CLANG_WARN_COMMA = YES;
				CLANG_WARN_CONSTANT_CONVERSION = YES;
				CLANG_WARN_DEPRECATED_OBJC_IMPLEMENTATIONS = YES;
				CLANG_WARN_DIRECT_OBJC_ISA_USAGE = YES_ERROR;
				CLANG_WARN_DOCUMENTATION_COMMENTS = YES;
				CLANG_WARN_EMPTY_BODY = YES;
				CLANG_WARN_ENUM_CONVERSION = YES;
				CLANG_WARN_INFINITE_RECURSION = YES;
				CLANG_WARN_INT_CONVERSION = YES;
				CLANG_WARN_NON_LITERAL_NULL_CONVERSION = YES;
				CLANG_WARN_OBJC_IMPLICIT_RETAIN_SELF = YES;
				CLANG_WARN_OBJC_LITERAL_CONVERSION = YES;
				CLANG_WARN_OBJC_ROOT_CLASS = YES_ERROR;
				CLANG_WARN_QUOTED_INCLUDE_IN_FRAMEWORK_HEADER = YES;
				CLANG_WARN_RANGE_LOOP_ANALYSIS = YES;
				CLANG_WARN_STRICT_PROTOTYPES = YES;
				CLANG_WARN_SUSPICIOUS_MOVE = YES;
				CLANG_WARN_UNGUARDED_AVAILABILITY = YES_AGGRESSIVE;
				CLANG_WARN_UNREACHABLE_CODE = YES;
				CLANG_WARN__DUPLICATE_METHOD_MATCH = YES;
				COPY_PHASE_STRIP = NO;
				DEBUG_INFORMATION_FORMAT = "dwarf-with-dsym";
				ENABLE_NS_ASSERTIONS = NO;
				ENABLE_STRICT_OBJC_MSGSEND = YES;
				GCC_C_LANGUAGE_STANDARD = gnu11;
				GCC_NO_COMMON_BLOCKS = YES;
				GCC_WARN_64_TO_32_BIT_CONVERSION = YES;
				GCC_WARN_ABOUT_RETURN_TYPE = YES_ERROR;
				GCC_WARN_UNDECLARED_SELECTOR = YES;
				GCC_WARN_UNINITIALIZED_AUTOS = YES_AGGRESSIVE;
				GCC_WARN_UNUSED_FUNCTION = YES;
				GCC_WARN_UNUSED_VARIABLE = YES;
				IPHONEOS_DEPLOYMENT_TARGET = 16.4;
				MTL_ENABLE_DEBUG_INFO = NO;
				MTL_FAST_MATH = YES;
				SDKROOT = iphoneos;
				SWIFT_COMPILATION_MODE = wholemodule;
				SWIFT_OPTIMIZATION_LEVEL = "-O";
				VALIDATE_PRODUCT = YES;
			};
			name = Release;
		};
		03912C462A2CB47D00E57AE2 /* Debug */ = {
			isa = XCBuildConfiguration;
			buildSettings = {
				ASSETCATALOG_COMPILER_APPICON_NAME = AppIcon;
				ASSETCATALOG_COMPILER_GLOBAL_ACCENT_COLOR_NAME = AccentColor;
				CODE_SIGN_STYLE = Automatic;
				CURRENT_PROJECT_VERSION = 1;
				DEVELOPMENT_ASSET_PATHS = "\"TaskPro/Preview Content\"";
				DEVELOPMENT_TEAM = SS49K8ZTL9;
				ENABLE_PREVIEWS = YES;
				GENERATE_INFOPLIST_FILE = YES;
				INFOPLIST_KEY_UIApplicationSceneManifest_Generation = YES;
				INFOPLIST_KEY_UIApplicationSupportsIndirectInputEvents = YES;
				INFOPLIST_KEY_UILaunchScreen_Generation = YES;
				INFOPLIST_KEY_UISupportedInterfaceOrientations_iPad = "UIInterfaceOrientationPortrait UIInterfaceOrientationPortraitUpsideDown UIInterfaceOrientationLandscapeLeft UIInterfaceOrientationLandscapeRight";
				INFOPLIST_KEY_UISupportedInterfaceOrientations_iPhone = "UIInterfaceOrientationPortrait UIInterfaceOrientationLandscapeLeft UIInterfaceOrientationLandscapeRight";
				LD_RUNPATH_SEARCH_PATHS = (
					"$(inherited)",
					"@executable_path/Frameworks",
				);
				MARKETING_VERSION = 1.0;
				PRODUCT_BUNDLE_IDENTIFIER = de.nico.TaskPro;
				PRODUCT_NAME = "$(TARGET_NAME)";
				SWIFT_EMIT_LOC_STRINGS = YES;
				SWIFT_VERSION = 5.0;
				TARGETED_DEVICE_FAMILY = "1,2";
			};
			name = Debug;
		};
		03912C472A2CB47D00E57AE2 /* Release */ = {
			isa = XCBuildConfiguration;
			buildSettings = {
				ASSETCATALOG_COMPILER_APPICON_NAME = AppIcon;
				ASSETCATALOG_COMPILER_GLOBAL_ACCENT_COLOR_NAME = AccentColor;
				CODE_SIGN_STYLE = Automatic;
				CURRENT_PROJECT_VERSION = 1;
				DEVELOPMENT_ASSET_PATHS = "\"TaskPro/Preview Content\"";
				DEVELOPMENT_TEAM = SS49K8ZTL9;
				ENABLE_PREVIEWS = YES;
				GENERATE_INFOPLIST_FILE = YES;
				INFOPLIST_KEY_UIApplicationSceneManifest_Generation = YES;
				INFOPLIST_KEY_UIApplicationSupportsIndirectInputEvents = YES;
				INFOPLIST_KEY_UILaunchScreen_Generation = YES;
				INFOPLIST_KEY_UISupportedInterfaceOrientations_iPad = "UIInterfaceOrientationPortrait UIInterfaceOrientationPortraitUpsideDown UIInterfaceOrientationLandscapeLeft UIInterfaceOrientationLandscapeRight";
				INFOPLIST_KEY_UISupportedInterfaceOrientations_iPhone = "UIInterfaceOrientationPortrait UIInterfaceOrientationLandscapeLeft UIInterfaceOrientationLandscapeRight";
				LD_RUNPATH_SEARCH_PATHS = (
					"$(inherited)",
					"@executable_path/Frameworks",
				);
				MARKETING_VERSION = 1.0;
				PRODUCT_BUNDLE_IDENTIFIER = de.nico.TaskPro;
				PRODUCT_NAME = "$(TARGET_NAME)";
				SWIFT_EMIT_LOC_STRINGS = YES;
				SWIFT_VERSION = 5.0;
				TARGETED_DEVICE_FAMILY = "1,2";
			};
			name = Release;
		};
/* End XCBuildConfiguration section */

/* Begin XCConfigurationList section */
		03912C2D2A2CB47C00E57AE2 /* Build configuration list for PBXProject "TaskPro" */ = {
			isa = XCConfigurationList;
			buildConfigurations = (
				03912C432A2CB47D00E57AE2 /* Debug */,
				03912C442A2CB47D00E57AE2 /* Release */,
			);
			defaultConfigurationIsVisible = 0;
			defaultConfigurationName = Release;
		};
		03912C452A2CB47D00E57AE2 /* Build configuration list for PBXNativeTarget "TaskPro" */ = {
			isa = XCConfigurationList;
			buildConfigurations = (
				03912C462A2CB47D00E57AE2 /* Debug */,
				03912C472A2CB47D00E57AE2 /* Release */,
			);
			defaultConfigurationIsVisible = 0;
			defaultConfigurationName = Release;
		};
/* End XCConfigurationList section */

/* Begin XCVersionGroup section */
		03912C402A2CB47D00E57AE2 /* TaskPro.xcdatamodeld */ = {
			isa = XCVersionGroup;
			children = (
				03912C412A2CB47D00E57AE2 /* TaskPro.xcdatamodel */,
			);
			currentVersion = 03912C412A2CB47D00E57AE2 /* TaskPro.xcdatamodel */;
			path = TaskPro.xcdatamodeld;
			sourceTree = "<group>";
			versionGroupType = wrapper.xcdatamodel;
		};
/* End XCVersionGroup section */
	};
	rootObject = 03912C2A2A2CB47C00E57AE2 /* Project object */;
}
